// !$*UTF8*$!
{
	archiveVersion = 1;
	classes = {
	};
	objectVersion = 46;
	objects = {

/* Begin PBXBuildFile section */
		73C6DD0612DFC7640054394E /* format.h in Headers */ = {isa = PBXBuildFile; fileRef = 73C6DCD512DFC7640054394E /* format.h */; };
		73C6DD0A12DFC7640054394E /* stream_decoder.h in Headers */ = {isa = PBXBuildFile; fileRef = 73C6DCDB12DFC7640054394E /* stream_decoder.h */; };
		73C6DD0B12DFC7640054394E /* stream_encoder.h in Headers */ = {isa = PBXBuildFile; fileRef = 73C6DCDC12DFC7640054394E /* stream_encoder.h */; };
		73C6DE1012DFC7C60054394E /* bitmath.c in Sources */ = {isa = PBXBuildFile; fileRef = 73C6DD6512DFC7C60054394E /* bitmath.c */; };
		73C6DE1212DFC7C60054394E /* bitreader.c in Sources */ = {isa = PBXBuildFile; fileRef = 73C6DD6812DFC7C60054394E /* bitreader.c */; };
		73C6DE1412DFC7C60054394E /* bitwriter.c in Sources */ = {isa = PBXBuildFile; fileRef = 73C6DD6B12DFC7C60054394E /* bitwriter.c */; };
		73C6DE1612DFC7C60054394E /* cpu.c in Sources */ = {isa = PBXBuildFile; fileRef = 73C6DD6E12DFC7C60054394E /* cpu.c */; };
		73C6DE1812DFC7C60054394E /* crc.c in Sources */ = {isa = PBXBuildFile; fileRef = 73C6DD7112DFC7C60054394E /* crc.c */; };
		73C6DE1A12DFC7C60054394E /* fixed.c in Sources */ = {isa = PBXBuildFile; fileRef = 73C6DD7412DFC7C60054394E /* fixed.c */; };
		73C6DE1E12DFC7C60054394E /* format.c in Sources */ = {isa = PBXBuildFile; fileRef = 73C6DD7C12DFC7C60054394E /* format.c */; };
		73C6DE2912DFC7C60054394E /* bitmath.h in Headers */ = {isa = PBXBuildFile; fileRef = 73C6DD8F12DFC7C60054394E /* bitmath.h */; };
		73C6DE2A12DFC7C60054394E /* bitreader.h in Headers */ = {isa = PBXBuildFile; fileRef = 73C6DD9012DFC7C60054394E /* bitreader.h */; };
		73C6DE2B12DFC7C60054394E /* bitwriter.h in Headers */ = {isa = PBXBuildFile; fileRef = 73C6DD9112DFC7C60054394E /* bitwriter.h */; };
		73C6DE2C12DFC7C60054394E /* cpu.h in Headers */ = {isa = PBXBuildFile; fileRef = 73C6DD9212DFC7C60054394E /* cpu.h */; };
		73C6DE2D12DFC7C60054394E /* crc.h in Headers */ = {isa = PBXBuildFile; fileRef = 73C6DD9312DFC7C60054394E /* crc.h */; };
		73C6DE2E12DFC7C60054394E /* fixed.h in Headers */ = {isa = PBXBuildFile; fileRef = 73C6DD9412DFC7C60054394E /* fixed.h */; };
		73C6DE3112DFC7C60054394E /* lpc.h in Headers */ = {isa = PBXBuildFile; fileRef = 73C6DD9712DFC7C60054394E /* lpc.h */; };
		73C6DE3312DFC7C60054394E /* md5.h in Headers */ = {isa = PBXBuildFile; fileRef = 73C6DD9B12DFC7C60054394E /* md5.h */; };
		73C6DE3412DFC7C60054394E /* memory.h in Headers */ = {isa = PBXBuildFile; fileRef = 73C6DD9C12DFC7C60054394E /* memory.h */; };
		73C6DE3A12DFC7C60054394E /* stream_encoder_framing.h in Headers */ = {isa = PBXBuildFile; fileRef = 73C6DDA212DFC7C60054394E /* stream_encoder_framing.h */; };
		73C6DE3B12DFC7C60054394E /* window.h in Headers */ = {isa = PBXBuildFile; fileRef = 73C6DDA312DFC7C60054394E /* window.h */; };
		73C6DE4012DFC7C60054394E /* lpc.c in Sources */ = {isa = PBXBuildFile; fileRef = 73C6DDB112DFC7C60054394E /* lpc.c */; };
		73C6DE4312DFC7C60054394E /* md5.c in Sources */ = {isa = PBXBuildFile; fileRef = 73C6DDB812DFC7C60054394E /* md5.c */; };
		73C6DE4512DFC7C60054394E /* memory.c in Sources */ = {isa = PBXBuildFile; fileRef = 73C6DDBB12DFC7C60054394E /* memory.c */; };
		73C6DE5412DFC7C60054394E /* stream_decoder.c in Sources */ = {isa = PBXBuildFile; fileRef = 73C6DDD612DFC7C60054394E /* stream_decoder.c */; };
		73C6DE5612DFC7C60054394E /* stream_encoder.c in Sources */ = {isa = PBXBuildFile; fileRef = 73C6DDD912DFC7C60054394E /* stream_encoder.c */; };
		73C6DE5812DFC7C60054394E /* stream_encoder_framing.c in Sources */ = {isa = PBXBuildFile; fileRef = 73C6DDDC12DFC7C60054394E /* stream_encoder_framing.c */; };
		73C6DE5A12DFC7C60054394E /* window.c in Sources */ = {isa = PBXBuildFile; fileRef = 73C6DDDF12DFC7C60054394E /* window.c */; };
		73C6DFB012DFD31D0054394E /* config.h in Headers */ = {isa = PBXBuildFile; fileRef = 73C6DFA312DFD24E0054394E /* config.h */; };
		73DAE82C12E0522500F7490F /* main.c in Sources */ = {isa = PBXBuildFile; fileRef = 73DAE82B12E0522500F7490F /* main.c */; };
		73DAE83112E0526300F7490F /* stream_encoder.c in Sources */ = {isa = PBXBuildFile; fileRef = 73C6DDD912DFC7C60054394E /* stream_encoder.c */; };
		73DAE83912E052E200F7490F /* format.c in Sources */ = {isa = PBXBuildFile; fileRef = 73C6DD7C12DFC7C60054394E /* format.c */; };
		73DAE83C12E0530100F7490F /* window.c in Sources */ = {isa = PBXBuildFile; fileRef = 73C6DDDF12DFC7C60054394E /* window.c */; };
		73DAE83F12E0531700F7490F /* bitwriter.c in Sources */ = {isa = PBXBuildFile; fileRef = 73C6DD6B12DFC7C60054394E /* bitwriter.c */; };
		73DAE84512E0533900F7490F /* bitreader.c in Sources */ = {isa = PBXBuildFile; fileRef = 73C6DD6812DFC7C60054394E /* bitreader.c */; };
		73DAE84812E0534B00F7490F /* md5.c in Sources */ = {isa = PBXBuildFile; fileRef = 73C6DDB812DFC7C60054394E /* md5.c */; };
		73DAE84D12E0535C00F7490F /* stream_encoder_framing.c in Sources */ = {isa = PBXBuildFile; fileRef = 73C6DDDC12DFC7C60054394E /* stream_encoder_framing.c */; };
		73DAE85012E0537700F7490F /* memory.c in Sources */ = {isa = PBXBuildFile; fileRef = 73C6DDBB12DFC7C60054394E /* memory.c */; };
		73DAE85312E0538800F7490F /* crc.c in Sources */ = {isa = PBXBuildFile; fileRef = 73C6DD7112DFC7C60054394E /* crc.c */; };
		73DAE85612E0539600F7490F /* lpc.c in Sources */ = {isa = PBXBuildFile; fileRef = 73C6DDB112DFC7C60054394E /* lpc.c */; };
		73DAE85C12E053EC00F7490F /* fixed.c in Sources */ = {isa = PBXBuildFile; fileRef = 73C6DD7412DFC7C60054394E /* fixed.c */; };
		73DAE85F12E053FC00F7490F /* bitmath.c in Sources */ = {isa = PBXBuildFile; fileRef = 73C6DD6512DFC7C60054394E /* bitmath.c */; };
		73DAE86212E0540800F7490F /* cpu.c in Sources */ = {isa = PBXBuildFile; fileRef = 73C6DD6E12DFC7C60054394E /* cpu.c */; };
		73DAEB6012E093FC00F7490F /* stream_decoder.c in Sources */ = {isa = PBXBuildFile; fileRef = 73C6DDD612DFC7C60054394E /* stream_decoder.c */; };
/* End PBXBuildFile section */

/* Begin PBXFileReference section */
		73060CD412DFBC2A00CD04EF /* libHooFlac.dylib */ = {isa = PBXFileReference; explicitFileType = "compiled.mach-o.dylib"; includeInIndex = 0; path = libHooFlac.dylib; sourceTree = BUILT_PRODUCTS_DIR; };
		73C6DCD512DFC7640054394E /* format.h */ = {isa = PBXFileReference; fileEncoding = 4; lastKnownFileType = sourcecode.c.h; name = format.h; path = ../../include/FLAC/format.h; sourceTree = "<group>"; };
		73C6DCDB12DFC7640054394E /* stream_decoder.h */ = {isa = PBXFileReference; fileEncoding = 4; lastKnownFileType = sourcecode.c.h; name = stream_decoder.h; path = ../../include/FLAC/stream_decoder.h; sourceTree = "<group>"; };
		73C6DCDC12DFC7640054394E /* stream_encoder.h */ = {isa = PBXFileReference; fileEncoding = 4; lastKnownFileType = sourcecode.c.h; name = stream_encoder.h; path = ../../include/FLAC/stream_encoder.h; sourceTree = "<group>"; };
		73C6DD6512DFC7C60054394E /* bitmath.c */ = {isa = PBXFileReference; fileEncoding = 4; lastKnownFileType = sourcecode.c.c; path = bitmath.c; sourceTree = "<group>"; };
		73C6DD6812DFC7C60054394E /* bitreader.c */ = {isa = PBXFileReference; fileEncoding = 4; lastKnownFileType = sourcecode.c.c; path = bitreader.c; sourceTree = "<group>"; };
		73C6DD6B12DFC7C60054394E /* bitwriter.c */ = {isa = PBXFileReference; fileEncoding = 4; lastKnownFileType = sourcecode.c.c; path = bitwriter.c; sourceTree = "<group>"; };
		73C6DD6E12DFC7C60054394E /* cpu.c */ = {isa = PBXFileReference; fileEncoding = 4; lastKnownFileType = sourcecode.c.c; path = cpu.c; sourceTree = "<group>"; };
		73C6DD7112DFC7C60054394E /* crc.c */ = {isa = PBXFileReference; fileEncoding = 4; lastKnownFileType = sourcecode.c.c; path = crc.c; sourceTree = "<group>"; };
		73C6DD7412DFC7C60054394E /* fixed.c */ = {isa = PBXFileReference; fileEncoding = 4; lastKnownFileType = sourcecode.c.c; path = fixed.c; sourceTree = "<group>"; };
		73C6DD7C12DFC7C60054394E /* format.c */ = {isa = PBXFileReference; fileEncoding = 4; lastKnownFileType = sourcecode.c.c; path = format.c; sourceTree = "<group>"; };
		73C6DD8F12DFC7C60054394E /* bitmath.h */ = {isa = PBXFileReference; fileEncoding = 4; lastKnownFileType = sourcecode.c.h; name = bitmath.h; path = include/private/bitmath.h; sourceTree = "<group>"; };
		73C6DD9012DFC7C60054394E /* bitreader.h */ = {isa = PBXFileReference; fileEncoding = 4; lastKnownFileType = sourcecode.c.h; name = bitreader.h; path = include/private/bitreader.h; sourceTree = "<group>"; };
		73C6DD9112DFC7C60054394E /* bitwriter.h */ = {isa = PBXFileReference; fileEncoding = 4; lastKnownFileType = sourcecode.c.h; name = bitwriter.h; path = include/private/bitwriter.h; sourceTree = "<group>"; };
		73C6DD9212DFC7C60054394E /* cpu.h */ = {isa = PBXFileReference; fileEncoding = 4; lastKnownFileType = sourcecode.c.h; name = cpu.h; path = include/private/cpu.h; sourceTree = "<group>"; };
		73C6DD9312DFC7C60054394E /* crc.h */ = {isa = PBXFileReference; fileEncoding = 4; lastKnownFileType = sourcecode.c.h; name = crc.h; path = include/private/crc.h; sourceTree = "<group>"; };
		73C6DD9412DFC7C60054394E /* fixed.h */ = {isa = PBXFileReference; fileEncoding = 4; lastKnownFileType = sourcecode.c.h; name = fixed.h; path = include/private/fixed.h; sourceTree = "<group>"; };
		73C6DD9712DFC7C60054394E /* lpc.h */ = {isa = PBXFileReference; fileEncoding = 4; lastKnownFileType = sourcecode.c.h; name = lpc.h; path = include/private/lpc.h; sourceTree = "<group>"; };
		73C6DD9B12DFC7C60054394E /* md5.h */ = {isa = PBXFileReference; fileEncoding = 4; lastKnownFileType = sourcecode.c.h; name = md5.h; path = include/private/md5.h; sourceTree = "<group>"; };
		73C6DD9C12DFC7C60054394E /* memory.h */ = {isa = PBXFileReference; fileEncoding = 4; lastKnownFileType = sourcecode.c.h; name = memory.h; path = include/private/memory.h; sourceTree = "<group>"; };
		73C6DDA212DFC7C60054394E /* stream_encoder_framing.h */ = {isa = PBXFileReference; fileEncoding = 4; lastKnownFileType = sourcecode.c.h; name = stream_encoder_framing.h; path = include/private/stream_encoder_framing.h; sourceTree = "<group>"; };
		73C6DDA312DFC7C60054394E /* window.h */ = {isa = PBXFileReference; fileEncoding = 4; lastKnownFileType = sourcecode.c.h; name = window.h; path = include/private/window.h; sourceTree = "<group>"; };
		73C6DDB112DFC7C60054394E /* lpc.c */ = {isa = PBXFileReference; fileEncoding = 4; lastKnownFileType = sourcecode.c.c; path = lpc.c; sourceTree = "<group>"; };
		73C6DDB812DFC7C60054394E /* md5.c */ = {isa = PBXFileReference; fileEncoding = 4; lastKnownFileType = sourcecode.c.c; path = md5.c; sourceTree = "<group>"; };
		73C6DDBB12DFC7C60054394E /* memory.c */ = {isa = PBXFileReference; fileEncoding = 4; lastKnownFileType = sourcecode.c.c; path = memory.c; sourceTree = "<group>"; };
		73C6DDD612DFC7C60054394E /* stream_decoder.c */ = {isa = PBXFileReference; fileEncoding = 4; lastKnownFileType = sourcecode.c.c; path = stream_decoder.c; sourceTree = "<group>"; };
		73C6DDD912DFC7C60054394E /* stream_encoder.c */ = {isa = PBXFileReference; fileEncoding = 4; lastKnownFileType = sourcecode.c.c; path = stream_encoder.c; sourceTree = "<group>"; };
		73C6DDDC12DFC7C60054394E /* stream_encoder_framing.c */ = {isa = PBXFileReference; fileEncoding = 4; lastKnownFileType = sourcecode.c.c; path = stream_encoder_framing.c; sourceTree = "<group>"; };
		73C6DDDF12DFC7C60054394E /* window.c */ = {isa = PBXFileReference; fileEncoding = 4; lastKnownFileType = sourcecode.c.c; path = window.c; sourceTree = "<group>"; };
		73C6DFA312DFD24E0054394E /* config.h */ = {isa = PBXFileReference; fileEncoding = 4; lastKnownFileType = sourcecode.c.h; name = config.h; path = "Src/flac-1.2.1/config.h"; sourceTree = "<group>"; };
		73DAE82112E051F100F7490F /* EncodeTest */ = {isa = PBXFileReference; explicitFileType = "compiled.mach-o.executable"; includeInIndex = 0; path = EncodeTest; sourceTree = BUILT_PRODUCTS_DIR; };
		73DAE82B12E0522500F7490F /* main.c */ = {isa = PBXFileReference; fileEncoding = 4; lastKnownFileType = sourcecode.c.c; name = main.c; path = "Src/flac-1.2.1/examples/c/encode/file/main.c"; sourceTree = "<group>"; };
		73DAE86612E055A800F7490F /* Target-defines.xcconfig */ = {isa = PBXFileReference; fileEncoding = 4; lastKnownFileType = text.xcconfig; path = "Target-defines.xcconfig"; sourceTree = "<group>"; };
		73DAE92B12E0667000F7490F /* alloc.h */ = {isa = PBXFileReference; fileEncoding = 4; lastKnownFileType = sourcecode.c.h; name = alloc.h; path = "Src/flac-1.2.1/include/share/alloc.h"; sourceTree = SOURCE_ROOT; };
		73DAE93012E0668D00F7490F /* ordinals.h */ = {isa = PBXFileReference; fileEncoding = 4; lastKnownFileType = sourcecode.c.h; name = ordinals.h; path = "Src/flac-1.2.1/include/FLAC/ordinals.h"; sourceTree = SOURCE_ROOT; };
		73DAE94812E0674800F7490F /* float.h */ = {isa = PBXFileReference; fileEncoding = 4; lastKnownFileType = sourcecode.c.h; name = float.h; path = include/private/float.h; sourceTree = "<group>"; };
		73DAE94C12E0679100F7490F /* assert.h */ = {isa = PBXFileReference; fileEncoding = 4; lastKnownFileType = sourcecode.c.h; name = assert.h; path = "Src/flac-1.2.1/include/FLAC/assert.h"; sourceTree = SOURCE_ROOT; };
		73DAE95512E0680100F7490F /* all.h */ = {isa = PBXFileReference; fileEncoding = 4; lastKnownFileType = sourcecode.c.h; name = all.h; path = "Src/flac-1.2.1/src/libFLAC/include/private/all.h"; sourceTree = SOURCE_ROOT; };
		73DAEB8312E0943500F7490F /* Project-Base.xcconfig */ = {isa = PBXFileReference; fileEncoding = 4; lastKnownFileType = text.xcconfig; path = "Project-Base.xcconfig"; sourceTree = "<group>"; };
		73DAEB8412E0943500F7490F /* Project-Coverage.xcconfig */ = {isa = PBXFileReference; fileEncoding = 4; lastKnownFileType = text.xcconfig; path = "Project-Coverage.xcconfig"; sourceTree = "<group>"; };
		73DAEB8512E0943500F7490F /* Project-Debug.xcconfig */ = {isa = PBXFileReference; fileEncoding = 4; lastKnownFileType = text.xcconfig; path = "Project-Debug.xcconfig"; sourceTree = "<group>"; };
		73DAEB8612E0943500F7490F /* Project-Release.xcconfig */ = {isa = PBXFileReference; fileEncoding = 4; lastKnownFileType = text.xcconfig; path = "Project-Release.xcconfig"; sourceTree = "<group>"; };
		73DAEB8712E0943500F7490F /* Target-Base.xcconfig */ = {isa = PBXFileReference; fileEncoding = 4; lastKnownFileType = text.xcconfig; path = "Target-Base.xcconfig"; sourceTree = "<group>"; };
		73DAEB8812E0943500F7490F /* Target-CocoaDaemon.xcconfig */ = {isa = PBXFileReference; fileEncoding = 4; lastKnownFileType = text.xcconfig; path = "Target-CocoaDaemon.xcconfig"; sourceTree = "<group>"; };
		73DAEB8912E0943500F7490F /* Target-Executable.xcconfig */ = {isa = PBXFileReference; fileEncoding = 4; lastKnownFileType = text.xcconfig; path = "Target-Executable.xcconfig"; sourceTree = "<group>"; };
		73DAEB8A12E0943500F7490F /* Target-Framework.xcconfig */ = {isa = PBXFileReference; fileEncoding = 4; lastKnownFileType = text.xcconfig; path = "Target-Framework.xcconfig"; sourceTree = "<group>"; };
		73DAEB8B12E0943500F7490F /* Target-iPhone.xcconfig */ = {isa = PBXFileReference; fileEncoding = 4; lastKnownFileType = text.xcconfig; path = "Target-iPhone.xcconfig"; sourceTree = "<group>"; };
		73DAEB8C12E0943500F7490F /* Target-iPhoneTestBundle.xcconfig */ = {isa = PBXFileReference; fileEncoding = 4; lastKnownFileType = text.xcconfig; path = "Target-iPhoneTestBundle.xcconfig"; sourceTree = "<group>"; };
		73DAEB8D12E0943500F7490F /* Target-Plugin.xcconfig */ = {isa = PBXFileReference; fileEncoding = 4; lastKnownFileType = text.xcconfig; path = "Target-Plugin.xcconfig"; sourceTree = "<group>"; };
		73DAEB8E12E0943500F7490F /* Target-QCPlugin.xcconfig */ = {isa = PBXFileReference; fileEncoding = 4; lastKnownFileType = text.xcconfig; path = "Target-QCPlugin.xcconfig"; sourceTree = "<group>"; };
		73DAEB8F12E0943500F7490F /* Target-TestBundle.xcconfig */ = {isa = PBXFileReference; fileEncoding = 4; lastKnownFileType = text.xcconfig; path = "Target-TestBundle.xcconfig"; sourceTree = "<group>"; };
/* End PBXFileReference section */

/* Begin PBXFrameworksBuildPhase section */
		73060CD112DFBC2900CD04EF /* Frameworks */ = {
			isa = PBXFrameworksBuildPhase;
			buildActionMask = 2147483647;
			files = (
			);
			runOnlyForDeploymentPostprocessing = 0;
		};
		73DAE81F12E051F100F7490F /* Frameworks */ = {
			isa = PBXFrameworksBuildPhase;
			buildActionMask = 2147483647;
			files = (
			);
			runOnlyForDeploymentPostprocessing = 0;
		};
/* End PBXFrameworksBuildPhase section */

/* Begin PBXGroup section */
		73060CC912DFBC2900CD04EF = {
			isa = PBXGroup;
			children = (
				73DAEB8212E0943500F7490F /* Config */,
				73DAE82812E0521100F7490F /* EncodeTest */,
				73C6DFA312DFD24E0054394E /* config.h */,
				73C6DCCF12DFC7640054394E /* include */,
				73C6DC5E12DFBDA20054394E /* Src */,
				73060CD512DFBC2A00CD04EF /* Products */,
			);
			sourceTree = "<group>";
		};
		73060CD512DFBC2A00CD04EF /* Products */ = {
			isa = PBXGroup;
			children = (
				73060CD412DFBC2A00CD04EF /* libHooFlac.dylib */,
				73DAE82112E051F100F7490F /* EncodeTest */,
			);
			name = Products;
			sourceTree = "<group>";
		};
		73C6DC5E12DFBDA20054394E /* Src */ = {
			isa = PBXGroup;
			children = (
				73C6DD4C12DFC7C50054394E /* libFLAC */,
			);
			name = Src;
			sourceTree = "<group>";
		};
		73C6DCCF12DFC7640054394E /* include */ = {
			isa = PBXGroup;
			children = (
				73DAE95512E0680100F7490F /* all.h */,
			);
			name = include;
			path = "Src/flac-1.2.1/include";
			sourceTree = "<group>";
		};
		73C6DD4C12DFC7C50054394E /* libFLAC */ = {
			isa = PBXGroup;
			children = (
				73DAE94C12E0679100F7490F /* assert.h */,
				73DAE93012E0668D00F7490F /* ordinals.h */,
				73DAE92B12E0667000F7490F /* alloc.h */,
				73C6DD8F12DFC7C60054394E /* bitmath.h */,
				73C6DD6512DFC7C60054394E /* bitmath.c */,
				73C6DD9012DFC7C60054394E /* bitreader.h */,
				73C6DD6812DFC7C60054394E /* bitreader.c */,
				73C6DD9112DFC7C60054394E /* bitwriter.h */,
				73C6DD6B12DFC7C60054394E /* bitwriter.c */,
				73C6DD9212DFC7C60054394E /* cpu.h */,
				73C6DD6E12DFC7C60054394E /* cpu.c */,
				73C6DD9312DFC7C60054394E /* crc.h */,
				73C6DD7112DFC7C60054394E /* crc.c */,
				73C6DD9412DFC7C60054394E /* fixed.h */,
				73C6DD7412DFC7C60054394E /* fixed.c */,
				73DAE94812E0674800F7490F /* float.h */,
				73C6DCD512DFC7640054394E /* format.h */,
				73C6DD7C12DFC7C60054394E /* format.c */,
				73C6DD9712DFC7C60054394E /* lpc.h */,
				73C6DDB112DFC7C60054394E /* lpc.c */,
				73C6DD9B12DFC7C60054394E /* md5.h */,
				73C6DDB812DFC7C60054394E /* md5.c */,
				73C6DD9C12DFC7C60054394E /* memory.h */,
				73C6DDBB12DFC7C60054394E /* memory.c */,
				73C6DCDB12DFC7640054394E /* stream_decoder.h */,
				73C6DDD612DFC7C60054394E /* stream_decoder.c */,
				73C6DCDC12DFC7640054394E /* stream_encoder.h */,
				73C6DDD912DFC7C60054394E /* stream_encoder.c */,
				73C6DDA212DFC7C60054394E /* stream_encoder_framing.h */,
				73C6DDDC12DFC7C60054394E /* stream_encoder_framing.c */,
				73C6DDA312DFC7C60054394E /* window.h */,
				73C6DDDF12DFC7C60054394E /* window.c */,
			);
			name = libFLAC;
			path = "Src/flac-1.2.1/src/libFLAC";
			sourceTree = "<group>";
		};
		73DAE82812E0521100F7490F /* EncodeTest */ = {
			isa = PBXGroup;
			children = (
				73DAE86612E055A800F7490F /* Target-defines.xcconfig */,
				73DAE82B12E0522500F7490F /* main.c */,
			);
			name = EncodeTest;
			sourceTree = "<group>";
		};
		73DAEB8212E0943500F7490F /* Config */ = {
			isa = PBXGroup;
			children = (
				73DAEB8312E0943500F7490F /* Project-Base.xcconfig */,
				73DAEB8412E0943500F7490F /* Project-Coverage.xcconfig */,
				73DAEB8512E0943500F7490F /* Project-Debug.xcconfig */,
				73DAEB8612E0943500F7490F /* Project-Release.xcconfig */,
				73DAEB8712E0943500F7490F /* Target-Base.xcconfig */,
				73DAEB8812E0943500F7490F /* Target-CocoaDaemon.xcconfig */,
				73DAEB8912E0943500F7490F /* Target-Executable.xcconfig */,
				73DAEB8A12E0943500F7490F /* Target-Framework.xcconfig */,
				73DAEB8B12E0943500F7490F /* Target-iPhone.xcconfig */,
				73DAEB8C12E0943500F7490F /* Target-iPhoneTestBundle.xcconfig */,
				73DAEB8D12E0943500F7490F /* Target-Plugin.xcconfig */,
				73DAEB8E12E0943500F7490F /* Target-QCPlugin.xcconfig */,
				73DAEB8F12E0943500F7490F /* Target-TestBundle.xcconfig */,
			);
			name = Config;
			path = ../../Blake/Config;
			sourceTree = SOURCE_ROOT;
		};
/* End PBXGroup section */

/* Begin PBXHeadersBuildPhase section */
		73060CD212DFBC2900CD04EF /* Headers */ = {
			isa = PBXHeadersBuildPhase;
			buildActionMask = 2147483647;
			files = (
				73C6DD0612DFC7640054394E /* format.h in Headers */,
				73C6DD0A12DFC7640054394E /* stream_decoder.h in Headers */,
				73C6DD0B12DFC7640054394E /* stream_encoder.h in Headers */,
				73C6DE2912DFC7C60054394E /* bitmath.h in Headers */,
				73C6DE2A12DFC7C60054394E /* bitreader.h in Headers */,
				73C6DE2B12DFC7C60054394E /* bitwriter.h in Headers */,
				73C6DE2C12DFC7C60054394E /* cpu.h in Headers */,
				73C6DE2D12DFC7C60054394E /* crc.h in Headers */,
				73C6DE2E12DFC7C60054394E /* fixed.h in Headers */,
				73C6DE3112DFC7C60054394E /* lpc.h in Headers */,
				73C6DE3312DFC7C60054394E /* md5.h in Headers */,
				73C6DE3412DFC7C60054394E /* memory.h in Headers */,
				73C6DE3A12DFC7C60054394E /* stream_encoder_framing.h in Headers */,
				73C6DE3B12DFC7C60054394E /* window.h in Headers */,
				73C6DFB012DFD31D0054394E /* config.h in Headers */,
			);
			runOnlyForDeploymentPostprocessing = 0;
		};
/* End PBXHeadersBuildPhase section */

/* Begin PBXNativeTarget section */
		73060CD312DFBC2900CD04EF /* HooFlac */ = {
			isa = PBXNativeTarget;
			buildConfigurationList = 73060CD812DFBC2A00CD04EF /* Build configuration list for PBXNativeTarget "HooFlac" */;
			buildPhases = (
				73060CD012DFBC2900CD04EF /* Sources */,
				73060CD112DFBC2900CD04EF /* Frameworks */,
				73060CD212DFBC2900CD04EF /* Headers */,
			);
			buildRules = (
			);
			dependencies = (
			);
			name = HooFlac;
			productName = HooFlac;
			productReference = 73060CD412DFBC2A00CD04EF /* libHooFlac.dylib */;
			productType = "com.apple.product-type.library.dynamic";
		};
		73DAE82012E051F100F7490F /* EncodeTest */ = {
			isa = PBXNativeTarget;
			buildConfigurationList = 73DAE82912E0521100F7490F /* Build configuration list for PBXNativeTarget "EncodeTest" */;
			buildPhases = (
				73DAE81E12E051F100F7490F /* Sources */,
				73DAE81F12E051F100F7490F /* Frameworks */,
			);
			buildRules = (
			);
			dependencies = (
			);
			name = EncodeTest;
			productName = EncodeTest;
			productReference = 73DAE82112E051F100F7490F /* EncodeTest */;
			productType = "com.apple.product-type.tool";
		};
/* End PBXNativeTarget section */

/* Begin PBXProject section */
		73060CCB12DFBC2900CD04EF /* Project object */ = {
			isa = PBXProject;
			attributes = {
				ORGANIZATIONNAME = "Tinsal Parks";
			};
			buildConfigurationList = 73060CCE12DFBC2900CD04EF /* Build configuration list for PBXProject "HooFlac" */;
			compatibilityVersion = "Xcode 3.2";
			developmentRegion = English;
			hasScannedForEncodings = 0;
			knownRegions = (
				en,
			);
			mainGroup = 73060CC912DFBC2900CD04EF;
			productRefGroup = 73060CD512DFBC2A00CD04EF /* Products */;
			projectDirPath = "";
			projectRoot = "";
			targets = (
				73060CD312DFBC2900CD04EF /* HooFlac */,
				73DAE82012E051F100F7490F /* EncodeTest */,
			);
		};
/* End PBXProject section */

/* Begin PBXSourcesBuildPhase section */
		73060CD012DFBC2900CD04EF /* Sources */ = {
			isa = PBXSourcesBuildPhase;
			buildActionMask = 2147483647;
			files = (
				73C6DE1012DFC7C60054394E /* bitmath.c in Sources */,
				73C6DE1212DFC7C60054394E /* bitreader.c in Sources */,
				73C6DE1412DFC7C60054394E /* bitwriter.c in Sources */,
				73C6DE1612DFC7C60054394E /* cpu.c in Sources */,
				73C6DE1812DFC7C60054394E /* crc.c in Sources */,
				73C6DE1A12DFC7C60054394E /* fixed.c in Sources */,
				73C6DE1E12DFC7C60054394E /* format.c in Sources */,
				73C6DE4012DFC7C60054394E /* lpc.c in Sources */,
				73C6DE4312DFC7C60054394E /* md5.c in Sources */,
				73C6DE4512DFC7C60054394E /* memory.c in Sources */,
				73C6DE5412DFC7C60054394E /* stream_decoder.c in Sources */,
				73C6DE5612DFC7C60054394E /* stream_encoder.c in Sources */,
				73C6DE5812DFC7C60054394E /* stream_encoder_framing.c in Sources */,
				73C6DE5A12DFC7C60054394E /* window.c in Sources */,
			);
			runOnlyForDeploymentPostprocessing = 0;
		};
		73DAE81E12E051F100F7490F /* Sources */ = {
			isa = PBXSourcesBuildPhase;
			buildActionMask = 2147483647;
			files = (
				73DAE82C12E0522500F7490F /* main.c in Sources */,
				73DAE83112E0526300F7490F /* stream_encoder.c in Sources */,
				73DAE83912E052E200F7490F /* format.c in Sources */,
				73DAE83C12E0530100F7490F /* window.c in Sources */,
				73DAE83F12E0531700F7490F /* bitwriter.c in Sources */,
				73DAE84512E0533900F7490F /* bitreader.c in Sources */,
				73DAE84812E0534B00F7490F /* md5.c in Sources */,
				73DAE84D12E0535C00F7490F /* stream_encoder_framing.c in Sources */,
				73DAE85012E0537700F7490F /* memory.c in Sources */,
				73DAE85312E0538800F7490F /* crc.c in Sources */,
				73DAE85612E0539600F7490F /* lpc.c in Sources */,
				73DAE85C12E053EC00F7490F /* fixed.c in Sources */,
				73DAE85F12E053FC00F7490F /* bitmath.c in Sources */,
				73DAE86212E0540800F7490F /* cpu.c in Sources */,
				73DAEB6012E093FC00F7490F /* stream_decoder.c in Sources */,
			);
			runOnlyForDeploymentPostprocessing = 0;
		};
/* End PBXSourcesBuildPhase section */

/* Begin XCBuildConfiguration section */
		73060CD612DFBC2A00CD04EF /* Debug */ = {
			isa = XCBuildConfiguration;
			baseConfigurationReference = 73DAEB8512E0943500F7490F /* Project-Debug.xcconfig */;
			buildSettings = {
				ARCHS = "$(ARCHS_STANDARD_32_64_BIT)";
				GCC_C_LANGUAGE_STANDARD = gnu99;
				GCC_OPTIMIZATION_LEVEL = 0;
				GCC_PREPROCESSOR_DEFINITIONS = DEBUG;
				GCC_VERSION = com.apple.compilers.llvm.clang.1_0;
				GCC_WARN_ABOUT_RETURN_TYPE = YES;
				GCC_WARN_UNUSED_VARIABLE = YES;
				MACOSX_DEPLOYMENT_TARGET = 10.6;
				ONLY_ACTIVE_ARCH = YES;
			};
			name = Debug;
		};
		73060CD712DFBC2A00CD04EF /* Release */ = {
			isa = XCBuildConfiguration;
			buildSettings = {
				ARCHS = "$(ARCHS_STANDARD_32_64_BIT)";
				GCC_C_LANGUAGE_STANDARD = gnu99;
				GCC_VERSION = com.apple.compilers.llvm.clang.1_0;
				GCC_WARN_ABOUT_RETURN_TYPE = YES;
				GCC_WARN_UNUSED_VARIABLE = YES;
				MACOSX_DEPLOYMENT_TARGET = 10.6;
			};
			name = Release;
		};
		73060CD912DFBC2A00CD04EF /* Debug */ = {
			isa = XCBuildConfiguration;
			baseConfigurationReference = 73DAEB8912E0943500F7490F /* Target-Executable.xcconfig */;
			buildSettings = {
				ALWAYS_SEARCH_USER_PATHS = NO;
				COPY_PHASE_STRIP = NO;
				EXECUTABLE_PREFIX = lib;
				GCC_DYNAMIC_NO_PIC = NO;
				GCC_ENABLE_OBJC_EXCEPTIONS = YES;
				GCC_PREFIX_HEADER = "";
				GCC_PREPROCESSOR_DEFINITIONS = "";
				INSTALL_PATH = /usr/local/lib;
				LIBRARY_SEARCH_PATHS = (
					"$(inherited)",
					"\"$(SRCROOT)/Src/flac-1.2.1/src/libFLAC/.libs\"",
					"\"$(SRCROOT)/Src/flac-1.2.1/src/share/grabbag/.libs\"",
					"\"$(SRCROOT)/Src/flac-1.2.1/src/share/replaygain_synthesis/.libs\"",
					"\"$(SRCROOT)/Src/flac-1.2.1/src/share/replaygain_analysis/.libs\"",
					"\"$(SRCROOT)/Src/flac-1.2.1/src/share/getopt\"",
					"\"$(SRCROOT)/Src/flac-1.2.1/src/share/utf8/.libs\"",
				);
				PRODUCT_NAME = "$(TARGET_NAME)";
			};
			name = Debug;
		};
		73060CDA12DFBC2A00CD04EF /* Release */ = {
			isa = XCBuildConfiguration;
			buildSettings = {
				ALWAYS_SEARCH_USER_PATHS = NO;
				COPY_PHASE_STRIP = YES;
				DEBUG_INFORMATION_FORMAT = "dwarf-with-dsym";
				EXECUTABLE_PREFIX = lib;
				GCC_ENABLE_OBJC_EXCEPTIONS = YES;
				INSTALL_PATH = /usr/local/lib;
				LIBRARY_SEARCH_PATHS = (
					"$(inherited)",
					"\"$(SRCROOT)/Src/flac-1.2.1/src/libFLAC/.libs\"",
					"\"$(SRCROOT)/Src/flac-1.2.1/src/share/grabbag/.libs\"",
					"\"$(SRCROOT)/Src/flac-1.2.1/src/share/replaygain_synthesis/.libs\"",
					"\"$(SRCROOT)/Src/flac-1.2.1/src/share/replaygain_analysis/.libs\"",
					"\"$(SRCROOT)/Src/flac-1.2.1/src/share/getopt\"",
					"\"$(SRCROOT)/Src/flac-1.2.1/src/share/utf8/.libs\"",
				);
				PRODUCT_NAME = "$(TARGET_NAME)";
			};
			name = Release;
		};
		73DAE82312E051F200F7490F /* Debug */ = {
			isa = XCBuildConfiguration;
			baseConfigurationReference = 73DAE86612E055A800F7490F /* Target-defines.xcconfig */;
			buildSettings = {
				ALWAYS_SEARCH_USER_PATHS = NO;
				ARCHS = "$(ARCHS_STANDARD_32_BIT)";
				COPY_PHASE_STRIP = NO;
				GCC_DEBUGGING_SYMBOLS = full;
				GCC_DYNAMIC_NO_PIC = NO;
				GCC_ENABLE_FIX_AND_CONTINUE = NO;
				GCC_FAST_OBJC_DISPATCH = NO;
				GCC_MODEL_TUNING = G5;
				GCC_OPTIMIZATION_LEVEL = 0;
				GCC_PREFIX_HEADER = "";
				GCC_VERSION = com.apple.compilers.llvm.clang.1_0;
				"GCC_VERSION[sdk=macosx10.5][arch=ppc]" = com.apple.compilers.llvm.clang.1_0;
				"GCC_VERSION[sdk=macosx10.6][arch=i386]" = com.apple.compilers.llvm.clang.1_0;
				"GCC_VERSION[sdk=macosx10.6][arch=x86_64]" = com.apple.compilers.llvm.clang.1_0;
				GCC_WARN_PEDANTIC = YES;
				GCC_WARN_SHADOW = YES;
				GCC_WARN_UNINITIALIZED_AUTOS = YES;
				GCC_WARN_UNUSED_FUNCTION = NO;
				GCC_WARN_UNUSED_LABEL = NO;
				GCC_WARN_UNUSED_PARAMETER = NO;
				GCC_WARN_UNUSED_VALUE = NO;
				GCC_WARN_UNUSED_VARIABLE = NO;
				INSTALL_PATH = /usr/local/bin;
				PREBINDING = NO;
				PRODUCT_NAME = EncodeTest;
				RUN_CLANG_STATIC_ANALYZER = NO;
			};
			name = Debug;
		};
		73DAE82412E051F200F7490F /* Release */ = {
			isa = XCBuildConfiguration;
			buildSettings = {
				ALWAYS_SEARCH_USER_PATHS = NO;
				COPY_PHASE_STRIP = YES;
				DEBUG_INFORMATION_FORMAT = "dwarf-with-dsym";
				GCC_ENABLE_FIX_AND_CONTINUE = NO;
				GCC_MODEL_TUNING = G5;
				INSTALL_PATH = /usr/local/bin;
				PREBINDING = NO;
				PRODUCT_NAME = EncodeTest;
				ZERO_LINK = NO;
			};
			name = Release;
		};
/* End XCBuildConfiguration section */

/* Begin XCConfigurationList section */
		73060CCE12DFBC2900CD04EF /* Build configuration list for PBXProject "HooFlac" */ = {
			isa = XCConfigurationList;
			buildConfigurations = (
				73060CD612DFBC2A00CD04EF /* Debug */,
				73060CD712DFBC2A00CD04EF /* Release */,
			);
			defaultConfigurationIsVisible = 0;
			defaultConfigurationName = Release;
		};
		73060CD812DFBC2A00CD04EF /* Build configuration list for PBXNativeTarget "HooFlac" */ = {
			isa = XCConfigurationList;
			buildConfigurations = (
				73060CD912DFBC2A00CD04EF /* Debug */,
				73060CDA12DFBC2A00CD04EF /* Release */,
			);
			defaultConfigurationIsVisible = 0;
			defaultConfigurationName = Release;
		};
		73DAE82912E0521100F7490F /* Build configuration list for PBXNativeTarget "EncodeTest" */ = {
			isa = XCConfigurationList;
			buildConfigurations = (
				73DAE82312E051F200F7490F /* Debug */,
				73DAE82412E051F200F7490F /* Release */,
			);
			defaultConfigurationIsVisible = 0;
			defaultConfigurationName = Release;
		};
/* End XCConfigurationList section */
	};
	rootObject = 73060CCB12DFBC2900CD04EF /* Project object */;
}
